
Microsoft Visual Studio Solution File, Format Version 12.00
# Visual Studio Version 17
VisualStudioVersion = 17.3.32825.248
MinimumVisualStudioVersion = 10.0.40219.1
Project("{9A19103F-16F7-4668-BE54-9A1E7A4F7556}") = "TPOSMonitoring.Models", "TPOSMonitoring.Models\TPOSMonitoring.Models.csproj", "{C17526F3-106D-4511-B04B-75FAC48CC94F}"
EndProject
Project("{9A19103F-16F7-4668-BE54-9A1E7A4F7556}") = "TPOSMonitoring.PosApi", "TPOSMonitoring.PosApi\TPOSMonitoring.PosApi.csproj", "{F018ABE2-EAED-406D-908E-499D7A44E6CD}"
EndProject
Project("{9A19103F-16F7-4668-BE54-9A1E7A4F7556}") = "TPOSMonitoring.ServerApi", "TPOSMonitoring.ServerApi\TPOSMonitoring.ServerApi.csproj", "{A578B74F-5198-4817-9E49-F852E18F2E00}"
EndProject
Project("{9A19103F-16F7-4668-BE54-9A1E7A4F7556}") = "TPOSMonotoring.Web", "TPOSMonotoring.Web\TPOSMonotoring.Web.csproj", "{299EC18A-CBA7-4DA4-8D89-BCD0701E3CBA}"
EndProject
Project("{9A19103F-16F7-4668-BE54-9A1E7A4F7556}") = "TPOSMonitoring.Enum", "TPOSMonitoring.Enum\TPOSMonitoring.Enum.csproj", "{B5BB61B0-78CD-40C4-A74B-7B0BA0F07EA9}"
EndProject
Global
	GlobalSection(SolutionConfigurationPlatforms) = preSolution
		Debug|Any CPU = Debug|Any CPU
		Release|Any CPU = Release|Any CPU
	EndGlobalSection
	GlobalSection(ProjectConfigurationPlatforms) = postSolution
		{C17526F3-106D-4511-B04B-75FAC48CC94F}.Debug|Any CPU.ActiveCfg = Debug|Any CPU
		{C17526F3-106D-4511-B04B-75FAC48CC94F}.Debug|Any CPU.Build.0 = Debug|Any CPU
		{C17526F3-106D-4511-B04B-75FAC48CC94F}.Release|Any CPU.ActiveCfg = Release|Any CPU
		{C17526F3-106D-4511-B04B-75FAC48CC94F}.Release|Any CPU.Build.0 = Release|Any CPU
		{F018ABE2-EAED-406D-908E-499D7A44E6CD}.Debug|Any CPU.ActiveCfg = Debug|Any CPU
		{F018ABE2-EAED-406D-908E-499D7A44E6CD}.Debug|Any CPU.Build.0 = Debug|Any CPU
		{F018ABE2-EAED-406D-908E-499D7A44E6CD}.Release|Any CPU.ActiveCfg = Release|Any CPU
		{F018ABE2-EAED-406D-908E-499D7A44E6CD}.Release|Any CPU.Build.0 = Release|Any CPU
		{A578B74F-5198-4817-9E49-F852E18F2E00}.Debug|Any CPU.ActiveCfg = Debug|Any CPU
		{A578B74F-5198-4817-9E49-F852E18F2E00}.Debug|Any CPU.Build.0 = Debug|Any CPU
		{A578B74F-5198-4817-9E49-F852E18F2E00}.Release|Any CPU.ActiveCfg = Release|Any CPU
		{A578B74F-5198-4817-9E49-F852E18F2E00}.Release|Any CPU.Build.0 = Release|Any CPU
		{299EC18A-CBA7-4DA4-8D89-BCD0701E3CBA}.Debug|Any CPU.ActiveCfg = Debug|Any CPU
		{299EC18A-CBA7-4DA4-8D89-BCD0701E3CBA}.Debug|Any CPU.Build.0 = Debug|Any CPU
		{299EC18A-CBA7-4DA4-8D89-BCD0701E3CBA}.Release|Any CPU.ActiveCfg = Release|Any CPU
		{299EC18A-CBA7-4DA4-8D89-BCD0701E3CBA}.Release|Any CPU.Build.0 = Release|Any CPU
		{B5BB61B0-78CD-40C4-A74B-7B0BA0F07EA9}.Debug|Any CPU.ActiveCfg = Debug|Any CPU
		{B5BB61B0-78CD-40C4-A74B-7B0BA0F07EA9}.Debug|Any CPU.Build.0 = Debug|Any CPU
		{B5BB61B0-78CD-40C4-A74B-7B0BA0F07EA9}.Release|Any CPU.ActiveCfg = Release|Any CPU
		{B5BB61B0-78CD-40C4-A74B-7B0BA0F07EA9}.Release|Any CPU.Build.0 = Release|Any CPU
	EndGlobalSection
	GlobalSection(SolutionProperties) = preSolution
		HideSolutionNode = FALSE
	EndGlobalSection
	GlobalSection(ExtensibilityGlobals) = postSolution
		SolutionGuid = {7CB53525-27A9-4FB5-9B4B-45ABC72C9D75}
	EndGlobalSection
EndGlobal
